
Microsoft Visual Studio Solution File, Format Version 12.00
# Visual Studio Version 16
VisualStudioVersion = 16.0.30330.147
MinimumVisualStudioVersion = 10.0.40219.1
Project("{2150E333-8FDC-42A3-9474-1A3956D46DE8}") = "0. doc", "0. doc", "{420AA873-99CC-48E4-A9CB-5442240F45FB}"
	ProjectSection(SolutionItems) = preProject
		README.md = README.md
		doc\ubs.csv = doc\ubs.csv
	EndProjectSection
EndProject
Project("{2150E333-8FDC-42A3-9474-1A3956D46DE8}") = "1. src", "1. src", "{0BF32798-7523-4406-8616-0CC52BD0F5D0}"
EndProject
Project("{2150E333-8FDC-42A3-9474-1A3956D46DE8}") = "2. test", "2. test", "{121DF8D3-B5F8-4A33-805A-D35F82087B1A}"
EndProject
Project("{2150E333-8FDC-42A3-9474-1A3956D46DE8}") = "1.1. Host", "1.1. Host", "{E387CDF9-C9EB-4FA1-8FE0-0955F352938E}"
EndProject
Project("{2150E333-8FDC-42A3-9474-1A3956D46DE8}") = "1.2. Domínio", "1.2. Domínio", "{DE250B49-E4C1-4D14-AEA0-F89E475A27A4}"
EndProject
Project("{2150E333-8FDC-42A3-9474-1A3956D46DE8}") = "1.3. Infra", "1.3. Infra", "{0939F60A-9938-4D31-BCD3-13357E9E77FD}"
EndProject
Project("{9A19103F-16F7-4668-BE54-9A1E7A4F7556}") = "Modelo.Ubs.Teste", "test\AMcom.Usb.Teste\Modelo.Ubs.Teste.csproj", "{DE8DED9F-85B0-4C65-B9FB-E639E6A72B95}"
EndProject
Project("{9A19103F-16F7-4668-BE54-9A1E7A4F7556}") = "Modelo.Ubs.Dominio", "src\Modelo.Usb.Dominio\Modelo.Ubs.Dominio.csproj", "{4B035951-6218-4FE1-A10E-1550B04D1FCB}"
EndProject
Project("{9A19103F-16F7-4668-BE54-9A1E7A4F7556}") = "Modelo.Ubs.Dominio.Mediador", "src\Modelo.Usb.Dominio.Mediador\Modelo.Ubs.Dominio.Mediador.csproj", "{5F0015C6-5D0D-45FE-9E66-E8BB4F07FFF2}"
EndProject
Project("{9A19103F-16F7-4668-BE54-9A1E7A4F7556}") = "Modelo.Ubs.Dominio.Servico", "src\Modelo.Usb.Dominio.Servico\Modelo.Ubs.Dominio.Servico.csproj", "{4DD6652A-E7B5-4613-A558-BF621E898538}"
EndProject
Project("{9A19103F-16F7-4668-BE54-9A1E7A4F7556}") = "Modelo.Ubs.Infra.BancoDeDados", "src\Modelo.Usb.Infra.BancoDeDados\Modelo.Ubs.Infra.BancoDeDados.csproj", "{872FB7F4-2426-4104-88BF-46742D850FFB}"
EndProject
Project("{9A19103F-16F7-4668-BE54-9A1E7A4F7556}") = "Modelo.Ubs.WebApi", "src\Modelo.Usb.WebApi\Modelo.Ubs.WebApi.csproj", "{EC840D04-9D11-44B7-A3C9-8E6A82274A6D}"
EndProject
Global
	GlobalSection(SolutionConfigurationPlatforms) = preSolution
		Debug|Any CPU = Debug|Any CPU
		Release|Any CPU = Release|Any CPU
	EndGlobalSection
	GlobalSection(ProjectConfigurationPlatforms) = postSolution
		{DE8DED9F-85B0-4C65-B9FB-E639E6A72B95}.Debug|Any CPU.ActiveCfg = Debug|Any CPU
		{DE8DED9F-85B0-4C65-B9FB-E639E6A72B95}.Debug|Any CPU.Build.0 = Debug|Any CPU
		{DE8DED9F-85B0-4C65-B9FB-E639E6A72B95}.Release|Any CPU.ActiveCfg = Release|Any CPU
		{DE8DED9F-85B0-4C65-B9FB-E639E6A72B95}.Release|Any CPU.Build.0 = Release|Any CPU
		{4B035951-6218-4FE1-A10E-1550B04D1FCB}.Debug|Any CPU.ActiveCfg = Debug|Any CPU
		{4B035951-6218-4FE1-A10E-1550B04D1FCB}.Debug|Any CPU.Build.0 = Debug|Any CPU
		{4B035951-6218-4FE1-A10E-1550B04D1FCB}.Release|Any CPU.ActiveCfg = Release|Any CPU
		{4B035951-6218-4FE1-A10E-1550B04D1FCB}.Release|Any CPU.Build.0 = Release|Any CPU
		{5F0015C6-5D0D-45FE-9E66-E8BB4F07FFF2}.Debug|Any CPU.ActiveCfg = Debug|Any CPU
		{5F0015C6-5D0D-45FE-9E66-E8BB4F07FFF2}.Debug|Any CPU.Build.0 = Debug|Any CPU
		{5F0015C6-5D0D-45FE-9E66-E8BB4F07FFF2}.Release|Any CPU.ActiveCfg = Release|Any CPU
		{5F0015C6-5D0D-45FE-9E66-E8BB4F07FFF2}.Release|Any CPU.Build.0 = Release|Any CPU
		{4DD6652A-E7B5-4613-A558-BF621E898538}.Debug|Any CPU.ActiveCfg = Debug|Any CPU
		{4DD6652A-E7B5-4613-A558-BF621E898538}.Debug|Any CPU.Build.0 = Debug|Any CPU
		{4DD6652A-E7B5-4613-A558-BF621E898538}.Release|Any CPU.ActiveCfg = Release|Any CPU
		{4DD6652A-E7B5-4613-A558-BF621E898538}.Release|Any CPU.Build.0 = Release|Any CPU
		{872FB7F4-2426-4104-88BF-46742D850FFB}.Debug|Any CPU.ActiveCfg = Debug|Any CPU
		{872FB7F4-2426-4104-88BF-46742D850FFB}.Debug|Any CPU.Build.0 = Debug|Any CPU
		{872FB7F4-2426-4104-88BF-46742D850FFB}.Release|Any CPU.ActiveCfg = Release|Any CPU
		{872FB7F4-2426-4104-88BF-46742D850FFB}.Release|Any CPU.Build.0 = Release|Any CPU
		{EC840D04-9D11-44B7-A3C9-8E6A82274A6D}.Debug|Any CPU.ActiveCfg = Debug|Any CPU
		{EC840D04-9D11-44B7-A3C9-8E6A82274A6D}.Debug|Any CPU.Build.0 = Debug|Any CPU
		{EC840D04-9D11-44B7-A3C9-8E6A82274A6D}.Release|Any CPU.ActiveCfg = Release|Any CPU
		{EC840D04-9D11-44B7-A3C9-8E6A82274A6D}.Release|Any CPU.Build.0 = Release|Any CPU
	EndGlobalSection
	GlobalSection(SolutionProperties) = preSolution
		HideSolutionNode = FALSE
	EndGlobalSection
	GlobalSection(NestedProjects) = preSolution
		{E387CDF9-C9EB-4FA1-8FE0-0955F352938E} = {0BF32798-7523-4406-8616-0CC52BD0F5D0}
		{DE250B49-E4C1-4D14-AEA0-F89E475A27A4} = {0BF32798-7523-4406-8616-0CC52BD0F5D0}
		{0939F60A-9938-4D31-BCD3-13357E9E77FD} = {0BF32798-7523-4406-8616-0CC52BD0F5D0}
		{DE8DED9F-85B0-4C65-B9FB-E639E6A72B95} = {121DF8D3-B5F8-4A33-805A-D35F82087B1A}
		{4B035951-6218-4FE1-A10E-1550B04D1FCB} = {DE250B49-E4C1-4D14-AEA0-F89E475A27A4}
		{5F0015C6-5D0D-45FE-9E66-E8BB4F07FFF2} = {DE250B49-E4C1-4D14-AEA0-F89E475A27A4}
		{4DD6652A-E7B5-4613-A558-BF621E898538} = {DE250B49-E4C1-4D14-AEA0-F89E475A27A4}
		{872FB7F4-2426-4104-88BF-46742D850FFB} = {0939F60A-9938-4D31-BCD3-13357E9E77FD}
		{EC840D04-9D11-44B7-A3C9-8E6A82274A6D} = {E387CDF9-C9EB-4FA1-8FE0-0955F352938E}
	EndGlobalSection
	GlobalSection(ExtensibilityGlobals) = postSolution
		SolutionGuid = {9179E483-E97B-4A4D-A183-63522E38A7BE}
	EndGlobalSection
EndGlobal
